# QuickShot consumes the design-system contract and SDK payload as one pinned input.
NATIVE_UI_DESIGN_SYSTEM_VERSION="0.1.0"
NATIVE_UI_DESIGN_SYSTEM_REVISION="b2e7cb0ad13a05d39dfc8e6ded91ab86817b9869"
NATIVE_UI_DESIGN_SYSTEM_REPOSITORY="git@github.com:i-iii4/native-ui-design-system.git"
NATIVE_SDK_VERSION="0.4.0"
NATIVE_SDK_UPSTREAM_COMMIT="b471110"
